
Microsoft Visual Studio Solution File, Format Version 12.00
# Visual Studio Version 17
VisualStudioVersion = 17.7.34031.279
MinimumVisualStudioVersion = 10.0.40219.1
Project("{FAE04EC0-301F-11D3-BF4B-00C04F79EFBC}") = "LearningMod", "LearningMod\LearningMod.csproj", "{69ABE05E-F8B5-4E96-AFCC-E15BBD309493}"
EndProject
Global
	GlobalSection(SolutionConfigurationPlatforms) = preSolution
		Debug|Any CPU = Debug|Any CPU
		Release|Any CPU = Release|Any CPU
	EndGlobalSection
	GlobalSection(ProjectConfigurationPlatforms) = postSolution
		{69ABE05E-F8B5-4E96-AFCC-E15BBD309493}.Debug|Any CPU.ActiveCfg = Debug|Any CPU
		{69ABE05E-F8B5-4E96-AFCC-E15BBD309493}.Debug|Any CPU.Build.0 = Debug|Any CPU
		{69ABE05E-F8B5-4E96-AFCC-E15BBD309493}.Release|Any CPU.ActiveCfg = Release|Any CPU
		{69ABE05E-F8B5-4E96-AFCC-E15BBD309493}.Release|Any CPU.Build.0 = Release|Any CPU
	EndGlobalSection
	GlobalSection(SolutionProperties) = preSolution
		HideSolutionNode = FALSE
	EndGlobalSection
	GlobalSection(ExtensibilityGlobals) = postSolution
		SolutionGuid = {86C00ABD-F525-438B-A815-9836634F0C87}
	EndGlobalSection
EndGlobal
